<?xml version="1.0" encoding="utf-8"?>
<Project ToolsVersion="4.0" xmlns="http://schemas.microsoft.com/developer/msbuild/2003">
  <ItemGroup>
    <Filter Include="Source Files">
      <UniqueIdentifier>{4FC737F1-C7A5-4376-A066-2A32D752A2FF}</UniqueIdentifier>
      <Extensions>cpp;c;cc;cxx;def;odl;idl;hpj;bat;asm;asmx</Extensions>
    </Filter>
    <Filter Include="Header Files">
      <UniqueIdentifier>{93995380-89BD-4b04-88EB-625FBE52EBFB}</UniqueIdentifier>
      <Extensions>h;hh;hpp;hxx;hm;inl;inc;xsd</Extensions>
    </Filter>
    <Filter Include="Resource Files">
      <UniqueIdentifier>{67DA6AB6-F800-4c08-8B7A-83BB121AAD01}</UniqueIdentifier>
      <Extensions>rc;ico;cur;bmp;dlg;rc2;rct;bin;rgs;gif;jpg;jpeg;jpe;resx;tiff;tif;png;wav</Extensions>
    </Filter>
    <Filter Include="thirdparty">
      <UniqueIdentifier>{bd79e490-9309-478e-a68b-5b4306bc96e4}</UniqueIdentifier>
    </Filter>
  </ItemGroup>
  <ItemGroup>
    <ClCompile Include="..\app\fourd.cpp">
      <Filter>Source Files</Filter>
    </ClCompile>
    <ClCompile Include="..\app\render.cpp">
      <Filter>Source Files</Filter>
    </ClCompile>
    <ClCompile Include="..\common\camera.cpp">
      <Filter>Source Files</Filter>
    </ClCompile>
    <ClCompile Include="..\common\mesh.cpp">
      <Filter>Source Files</Filter>
    </ClCompile>
    <ClCompile Include="..\common\timer.cpp">
      <Filter>Source Files</Filter>
    </ClCompile>
    <ClCompile Include="..\common\chunkloader.cpp">
      <Filter>Source Files</Filter>
    </ClCompile>
    <ClCompile Include="..\app\shader.cpp">
      <Filter>Source Files</Filter>
    </ClCompile>
    <ClCompile Include="..\app\texture.cpp">
      <Filter>Source Files</Filter>
    </ClCompile>
    <ClCompile Include="..\app\thirdparty\glew\src\glew.c">
      <Filter>thirdparty</Filter>
    </ClCompile>
    <ClCompile Include="..\app\entity.cpp">
      <Filter>Source Files</Filter>
    </ClCompile>
    <ClCompile Include="..\app\scene.cpp">
      <Filter>Source Files</Filter>
    </ClCompile>
  </ItemGroup>
  <ItemGroup>
    <ClInclude Include="..\app\render.h">
      <Filter>Header Files</Filter>
    </ClInclude>
    <ClInclude Include="..\common\camera.h">
      <Filter>Header Files</Filter>
    </ClInclude>
    <ClInclude Include="..\common\fourmath.h">
      <Filter>Header Files</Filter>
    </ClInclude>
    <ClInclude Include="..\common\mesh.h">
      <Filter>Header Files</Filter>
    </ClInclude>
    <ClInclude Include="..\common\types.h">
      <Filter>Header Files</Filter>
    </ClInclude>
    <ClInclude Include="..\common\timer.h">
      <Filter>Header Files</Filter>
    </ClInclude>
    <ClInclude Include="..\common\chunkloader.h">
      <Filter>Header Files</Filter>
    </ClInclude>
    <ClInclude Include="..\app\shader.h">
      <Filter>Header Files</Filter>
    </ClInclude>
    <ClInclude Include="..\app\texture.h">
      <Filter>Header Files</Filter>
    </ClInclude>
    <ClInclude Include="..\common\fd_simple_file.h">
      <Filter>Header Files</Filter>
    </ClInclude>
    <ClInclude Include="..\common\component.h">
      <Filter>Header Files</Filter>
    </ClInclude>
    <ClInclude Include="..\common\components\animated_rotation.h">
      <Filter>Header Files</Filter>
    </ClInclude>
    <ClInclude Include="..\common\thirdparty\signals\Signal.h">
      <Filter>thirdparty</Filter>
    </ClInclude>
    <ClInclude Include="..\common\thirdparty\signals\Delegate.h">
      <Filter>thirdparty</Filter>
    </ClInclude>
    <ClInclude Include="..\app\entity.h">
      <Filter>Header Files</Filter>
    </ClInclude>
    <ClInclude Include="..\app\scene.h">
      <Filter>Header Files</Filter>
    </ClInclude>
  </ItemGroup>
  <ItemGroup>
    <None Include="..\cg\four.cg">
      <Filter>Resource Files</Filter>
    </None>
    <None Include="..\data\fragFourd.glsl">
      <Filter>Resource Files</Filter>
    </None>
    <None Include="..\data\fragTrivial.glsl">
      <Filter>Resource Files</Filter>
    </None>
    <None Include="..\data\vertFourd.glsl">
      <Filter>Resource Files</Filter>
    </None>
    <None Include="..\data\vertTrivial.glsl">
      <Filter>Resource Files</Filter>
    </None>
    <None Include="..\data\fragAlphaTest.glsl">
      <Filter>Resource Files</Filter>
    </None>
    <None Include="..\data\vertAlphaTest.glsl">
      <Filter>Resource Files</Filter>
    </None>
  </ItemGroup>
  <ItemGroup>
    <Text Include="..\data\level.txt">
      <Filter>Resource Files</Filter>
    </Text>
  </ItemGroup>
  <ItemGroup>
    <Image Include="..\data\orientedTexture.png">
      <Filter>Resource Files</Filter>
    </Image>
  </ItemGroup>
</Project>