<?xml version="1.0" encoding="utf-8"?>
<Project ToolsVersion="4.0" xmlns="http://schemas.microsoft.com/developer/msbuild/2003">
  <ItemGroup>
    <Filter Include="Source Files">
      <UniqueIdentifier>{4FC737F1-C7A5-4376-A066-2A32D752A2FF}</UniqueIdentifier>
      <Extensions>cpp;c;cc;cxx;def;odl;idl;hpj;bat;asm;asmx</Extensions>
    </Filter>
    <Filter Include="Header Files">
      <UniqueIdentifier>{93995380-89BD-4b04-88EB-625FBE52EBFB}</UniqueIdentifier>
      <Extensions>h;hh;hpp;hxx;hm;inl;inc;xsd</Extensions>
    </Filter>
    <Filter Include="Resource Files">
      <UniqueIdentifier>{67DA6AB6-F800-4c08-8B7A-83BB121AAD01}</UniqueIdentifier>
      <Extensions>rc;ico;cur;bmp;dlg;rc2;rct;bin;rgs;gif;jpg;jpeg;jpe;resx;tiff;tif;png;wav</Extensions>
    </Filter>
    <Filter Include="thirdparty">
      <UniqueIdentifier>{bd79e490-9309-478e-a68b-5b4306bc96e4}</UniqueIdentifier>
    </Filter>
  </ItemGroup>
  <ItemGroup>
    <ClCompile Include="..\app\fourd.cpp">
      <Filter>Source Files</Filter>
    </ClCompile>
    <ClCompile Include="..\app\render.cpp">
      <Filter>Source Files</Filter>
    </ClCompile>
    <ClCompile Include="..\common\camera.cpp">
      <Filter>Source Files</Filter>
    </ClCompile>
    <ClCompile Include="..\common\mesh.cpp">
      <Filter>Source Files</Filter>
    </ClCompile>
    <ClCompile Include="..\common\timer.cpp">
      <Filter>Source Files</Filter>
    </ClCompile>
    <ClCompile Include="..\common\chunkloader.cpp">
      <Filter>Source Files</Filter>
    </ClCompile>
    <ClCompile Include="..\app\shader.cpp">
      <Filter>Source Files</Filter>
    </ClCompile>
    <ClCompile Include="..\app\texture.cpp">
      <Filter>Source Files</Filter>
    </ClCompile>
    <ClCompile Include="..\app\thirdparty\glew\src\glew.c">
      <Filter>thirdparty</Filter>
    </ClCompile>
    <ClCompile Include="..\app\entity.cpp">
      <Filter>Source Files</Filter>
    </ClCompile>
    <ClCompile Include="..\app\scene.cpp">
      <Filter>Source Files</Filter>
    </ClCompile>
    <ClCompile Include="..\app\meshbuffer.cpp">
      <Filter>Source Files</Filter>
    </ClCompile>
    <ClCompile Include="..\common\quaxol.cpp">
      <Filter>Source Files</Filter>
    </ClCompile>
    <ClCompile Include="..\common\physics.cpp">
      <Filter>Source Files</Filter>
    </ClCompile>
    <ClCompile Include="..\common\physics_help.cpp">
      <Filter>Source Files</Filter>
    </ClCompile>
    <ClCompile Include="..\app\vr_wrapper.cpp">
      <Filter>Source Files</Filter>
    </ClCompile>
    <ClCompile Include="..\app\win32_platform.cpp">
      <Filter>Source Files</Filter>
    </ClCompile>
    <ClCompile Include="..\common\filedata.cpp">
      <Filter>Source Files</Filter>
    </ClCompile>
    <ClCompile Include="..\common\raycast_shape.cpp">
      <Filter>Source Files</Filter>
    </ClCompile>
    <ClCompile Include="..\common\components\physics_component.cpp">
      <Filter>Source Files</Filter>
    </ClCompile>
    <ClCompile Include="..\common\player_capsule_shape.cpp">
      <Filter>Source Files</Filter>
    </ClCompile>
    <ClCompile Include="..\app\input_handler.cpp">
      <Filter>Source Files</Filter>
    </ClCompile>
    <ClCompile Include="..\app\imgui_wrapper.cpp">
      <Filter>Source Files</Filter>
    </ClCompile>
    <ClCompile Include="..\imgui\imgui.cpp">
      <Filter>thirdparty</Filter>
    </ClCompile>
    <ClCompile Include="..\common\physics_rigidbody.cpp">
      <Filter>Source Files</Filter>
    </ClCompile>
    <ClCompile Include="..\app\components\scene_modifier.cpp">
      <Filter>Source Files</Filter>
    </ClCompile>
    <ClCompile Include="..\common\thirdparty\jenn3d\todd_coxeter.cpp">
      <Filter>thirdparty</Filter>
    </ClCompile>
    <ClCompile Include="..\common\thirdparty\jenn3d\linalg.cpp">
      <Filter>thirdparty</Filter>
    </ClCompile>
    <ClCompile Include="..\common\thirdparty\jenn3d\polytopes.cpp">
      <Filter>thirdparty</Filter>
    </ClCompile>
    <ClCompile Include="..\common\thirdparty\jenn3d\definitions.cpp">
      <Filter>thirdparty</Filter>
    </ClCompile>
  </ItemGroup>
  <ItemGroup>
    <ClInclude Include="..\app\render.h">
      <Filter>Header Files</Filter>
    </ClInclude>
    <ClInclude Include="..\common\camera.h">
      <Filter>Header Files</Filter>
    </ClInclude>
    <ClInclude Include="..\common\fourmath.h">
      <Filter>Header Files</Filter>
    </ClInclude>
    <ClInclude Include="..\common\mesh.h">
      <Filter>Header Files</Filter>
    </ClInclude>
    <ClInclude Include="..\common\types.h">
      <Filter>Header Files</Filter>
    </ClInclude>
    <ClInclude Include="..\common\timer.h">
      <Filter>Header Files</Filter>
    </ClInclude>
    <ClInclude Include="..\common\chunkloader.h">
      <Filter>Header Files</Filter>
    </ClInclude>
    <ClInclude Include="..\app\shader.h">
      <Filter>Header Files</Filter>
    </ClInclude>
    <ClInclude Include="..\app\texture.h">
      <Filter>Header Files</Filter>
    </ClInclude>
    <ClInclude Include="..\common\fd_simple_file.h">
      <Filter>Header Files</Filter>
    </ClInclude>
    <ClInclude Include="..\common\component.h">
      <Filter>Header Files</Filter>
    </ClInclude>
    <ClInclude Include="..\common\components\animated_rotation.h">
      <Filter>Header Files</Filter>
    </ClInclude>
    <ClInclude Include="..\common\thirdparty\signals\Signal.h">
      <Filter>thirdparty</Filter>
    </ClInclude>
    <ClInclude Include="..\common\thirdparty\signals\Delegate.h">
      <Filter>thirdparty</Filter>
    </ClInclude>
    <ClInclude Include="..\app\entity.h">
      <Filter>Header Files</Filter>
    </ClInclude>
    <ClInclude Include="..\app\scene.h">
      <Filter>Header Files</Filter>
    </ClInclude>
    <ClInclude Include="..\common\components\periodic_motion.h">
      <Filter>Header Files</Filter>
    </ClInclude>
    <ClInclude Include="..\common\components\timed_death.h">
      <Filter>Header Files</Filter>
    </ClInclude>
    <ClInclude Include="..\app\meshbuffer.h">
      <Filter>Header Files</Filter>
    </ClInclude>
    <ClInclude Include="..\common\quaxol.h">
      <Filter>Header Files</Filter>
    </ClInclude>
    <ClInclude Include="..\common\physics.h">
      <Filter>Header Files</Filter>
    </ClInclude>
    <ClInclude Include="..\common\components\physics_component.h">
      <Filter>Header Files</Filter>
    </ClInclude>
    <ClInclude Include="..\app\platform_interface.h">
      <Filter>Header Files</Filter>
    </ClInclude>
    <ClInclude Include="..\app\vr_wrapper.h">
      <Filter>Header Files</Filter>
    </ClInclude>
    <ClInclude Include="..\app\win32_platform.h">
      <Filter>Header Files</Filter>
    </ClInclude>
    <ClInclude Include="..\common\filedata.h">
      <Filter>Header Files</Filter>
    </ClInclude>
    <ClInclude Include="..\common\raycast_shape.h">
      <Filter>Header Files</Filter>
    </ClInclude>
    <ClInclude Include="..\common\physics_shape_interface.h">
      <Filter>Header Files</Filter>
    </ClInclude>
    <ClInclude Include="..\common\player_capsule_shape.h">
      <Filter>Header Files</Filter>
    </ClInclude>
    <ClInclude Include="..\app\input_handler.h">
      <Filter>Header Files</Filter>
    </ClInclude>
    <ClInclude Include="..\app\imgui_wrapper.h">
      <Filter>Header Files</Filter>
    </ClInclude>
    <ClInclude Include="..\imgui\imconfig.h">
      <Filter>thirdparty</Filter>
    </ClInclude>
    <ClInclude Include="..\imgui\imgui.h">
      <Filter>thirdparty</Filter>
    </ClInclude>
    <ClInclude Include="..\common\misc_defs.h">
      <Filter>Header Files</Filter>
    </ClInclude>
    <ClInclude Include="..\app\glhelper.h">
      <Filter>Header Files</Filter>
    </ClInclude>
    <ClInclude Include="..\common\physics_rigidbody.h">
      <Filter>Header Files</Filter>
    </ClInclude>
    <ClInclude Include="..\app\components\scene_modifier.h">
      <Filter>Header Files</Filter>
    </ClInclude>
    <ClInclude Include="..\common\components\camera_follow.h">
      <Filter>Header Files</Filter>
    </ClInclude>
    <ClInclude Include="..\common\thirdparty\jenn3d\definitions.h">
      <Filter>thirdparty</Filter>
    </ClInclude>
    <ClInclude Include="..\common\thirdparty\jenn3d\linalg.h">
      <Filter>thirdparty</Filter>
    </ClInclude>
    <ClInclude Include="..\common\thirdparty\jenn3d\polytopes.h">
      <Filter>thirdparty</Filter>
    </ClInclude>
    <ClInclude Include="..\common\thirdparty\jenn3d\todd_coxeter.h">
      <Filter>thirdparty</Filter>
    </ClInclude>
  </ItemGroup>
  <ItemGroup>
    <None Include="..\cg\four.cg">
      <Filter>Resource Files</Filter>
    </None>
    <None Include="..\data\fragFourd.glsl">
      <Filter>Resource Files</Filter>
    </None>
    <None Include="..\data\fragTrivial.glsl">
      <Filter>Resource Files</Filter>
    </None>
    <None Include="..\data\vertFourd.glsl">
      <Filter>Resource Files</Filter>
    </None>
    <None Include="..\data\vertTrivial.glsl">
      <Filter>Resource Files</Filter>
    </None>
    <None Include="..\data\fragAlphaTest.glsl">
      <Filter>Resource Files</Filter>
    </None>
    <None Include="..\data\vertAlphaTest.glsl">
      <Filter>Resource Files</Filter>
    </None>
    <None Include="..\data\vertCommonTransform.glsl">
      <Filter>Resource Files</Filter>
    </None>
    <None Include="..\data\fragColorBlend.glsl">
      <Filter>Resource Files</Filter>
    </None>
    <None Include="..\data\vertBlendNoTex.glsl">
      <Filter>Resource Files</Filter>
    </None>
    <None Include="..\data\vertColorBlend.glsl">
      <Filter>Resource Files</Filter>
    </None>
    <None Include="..\data\fragAlphaTestTex.glsl">
      <Filter>Resource Files</Filter>
    </None>
    <None Include="..\data\vertAlphaTestTex.glsl">
      <Filter>Resource Files</Filter>
    </None>
    <None Include="..\data\vertColorBlendClipped.glsl">
      <Filter>Resource Files</Filter>
    </None>
    <None Include="..\data\fragColorBlendClipped.glsl">
      <Filter>Resource Files</Filter>
    </None>
  </ItemGroup>
</Project>